
Microsoft Visual Studio Solution File, Format Version 12.00
# Visual Studio Version 17
VisualStudioVersion = 17.12.35209.166
MinimumVisualStudioVersion = 10.0.40219.1
Project("{FAE04EC0-301F-11D3-BF4B-00C04F79EFBC}") = "KalyanCSharpPractice", "KalyanCSharpPractice\KalyanCSharpPractice.csproj", "{4BB73505-3597-4219-B47D-F380E0FB8041}"
EndProject
Global
	GlobalSection(SolutionConfigurationPlatforms) = preSolution
		Debug|Any CPU = Debug|Any CPU
		Release|Any CPU = Release|Any CPU
	EndGlobalSection
	GlobalSection(ProjectConfigurationPlatforms) = postSolution
		{4BB73505-3597-4219-B47D-F380E0FB8041}.Debug|Any CPU.ActiveCfg = Debug|Any CPU
		{4BB73505-3597-4219-B47D-F380E0FB8041}.Debug|Any CPU.Build.0 = Debug|Any CPU
		{4BB73505-3597-4219-B47D-F380E0FB8041}.Release|Any CPU.ActiveCfg = Release|Any CPU
		{4BB73505-3597-4219-B47D-F380E0FB8041}.Release|Any CPU.Build.0 = Release|Any CPU
	EndGlobalSection
	GlobalSection(SolutionProperties) = preSolution
		HideSolutionNode = FALSE
	EndGlobalSection
	GlobalSection(ExtensibilityGlobals) = postSolution
		SolutionGuid = {7447112F-660A-4845-A65A-165E14C759BC}
	EndGlobalSection
EndGlobal
